
Microsoft Visual Studio Solution File, Format Version 12.00
# Visual Studio Version 17
VisualStudioVersion = 17.0.31903.59
MinimumVisualStudioVersion = 10.0.40219.1
Project("{9A19103F-16F7-4668-BE54-9A1E7A4F7556}") = "Dwt.Shared", "Dwt.Shared\Dwt.Shared.csproj", "{AF6F5183-EF06-477F-92A3-F4BFCF875DE5}"
EndProject
Project("{9A19103F-16F7-4668-BE54-9A1E7A4F7556}") = "Dwt.Api", "Dwt.Api\Dwt.Api.csproj", "{69F9E49A-1C64-48E4-B9AC-57530BA1AF6E}"
EndProject
Project("{FAE04EC0-301F-11D3-BF4B-00C04F79EFBC}") = "Dwt.Shared.EF", "Dwt.Shared.EF\Dwt.Shared.EF.csproj", "{099FF8B3-E75B-4282-9582-7A4E986DEBE1}"
EndProject
Global
	GlobalSection(SolutionConfigurationPlatforms) = preSolution
		Debug|Any CPU = Debug|Any CPU
		Release|Any CPU = Release|Any CPU
	EndGlobalSection
	GlobalSection(ProjectConfigurationPlatforms) = postSolution
		{AF6F5183-EF06-477F-92A3-F4BFCF875DE5}.Debug|Any CPU.ActiveCfg = Debug|Any CPU
		{AF6F5183-EF06-477F-92A3-F4BFCF875DE5}.Debug|Any CPU.Build.0 = Debug|Any CPU
		{AF6F5183-EF06-477F-92A3-F4BFCF875DE5}.Release|Any CPU.ActiveCfg = Release|Any CPU
		{AF6F5183-EF06-477F-92A3-F4BFCF875DE5}.Release|Any CPU.Build.0 = Release|Any CPU
		{69F9E49A-1C64-48E4-B9AC-57530BA1AF6E}.Debug|Any CPU.ActiveCfg = Debug|Any CPU
		{69F9E49A-1C64-48E4-B9AC-57530BA1AF6E}.Debug|Any CPU.Build.0 = Debug|Any CPU
		{69F9E49A-1C64-48E4-B9AC-57530BA1AF6E}.Release|Any CPU.ActiveCfg = Release|Any CPU
		{69F9E49A-1C64-48E4-B9AC-57530BA1AF6E}.Release|Any CPU.Build.0 = Release|Any CPU
		{099FF8B3-E75B-4282-9582-7A4E986DEBE1}.Debug|Any CPU.ActiveCfg = Debug|Any CPU
		{099FF8B3-E75B-4282-9582-7A4E986DEBE1}.Debug|Any CPU.Build.0 = Debug|Any CPU
		{099FF8B3-E75B-4282-9582-7A4E986DEBE1}.Release|Any CPU.ActiveCfg = Release|Any CPU
		{099FF8B3-E75B-4282-9582-7A4E986DEBE1}.Release|Any CPU.Build.0 = Release|Any CPU
	EndGlobalSection
	GlobalSection(SolutionProperties) = preSolution
		HideSolutionNode = FALSE
	EndGlobalSection
EndGlobal
